
Microsoft Visual Studio Solution File, Format Version 12.00
# Visual Studio Version 16
VisualStudioVersion = 16.0.30114.105
MinimumVisualStudioVersion = 10.0.40219.1
Project("{FAE04EC0-301F-11D3-BF4B-00C04F79EFBC}") = "MGM.CQRS.Mediator.Api", "MGM.CQRS.Mediator.Api\MGM.CQRS.Mediator.Api.csproj", "{FDAC2BA4-397E-43F6-8A5D-497345F44890}"
EndProject
Project("{FAE04EC0-301F-11D3-BF4B-00C04F79EFBC}") = "MGM.CQRS.Mediator.Domain", "MGM.CQRS.Mediator.Domain\MGM.CQRS.Mediator.Domain.csproj", "{2EE6149E-834D-430B-8705-08E8EC4A4ECD}"
EndProject
Project("{FAE04EC0-301F-11D3-BF4B-00C04F79EFBC}") = "MGM.CQRS.Mediator.Repository", "MGM.CQRS.Mediator.Repository\MGM.CQRS.Mediator.Repository.csproj", "{0783D4D4-FE2F-442A-A5A3-FA26A7072C32}"
EndProject
Global
	GlobalSection(SolutionConfigurationPlatforms) = preSolution
		Debug|Any CPU = Debug|Any CPU
		Debug|x64 = Debug|x64
		Debug|x86 = Debug|x86
		Release|Any CPU = Release|Any CPU
		Release|x64 = Release|x64
		Release|x86 = Release|x86
	EndGlobalSection
	GlobalSection(SolutionProperties) = preSolution
		HideSolutionNode = FALSE
	EndGlobalSection
	GlobalSection(ProjectConfigurationPlatforms) = postSolution
		{FDAC2BA4-397E-43F6-8A5D-497345F44890}.Debug|Any CPU.ActiveCfg = Debug|Any CPU
		{FDAC2BA4-397E-43F6-8A5D-497345F44890}.Debug|Any CPU.Build.0 = Debug|Any CPU
		{FDAC2BA4-397E-43F6-8A5D-497345F44890}.Debug|x64.ActiveCfg = Debug|Any CPU
		{FDAC2BA4-397E-43F6-8A5D-497345F44890}.Debug|x64.Build.0 = Debug|Any CPU
		{FDAC2BA4-397E-43F6-8A5D-497345F44890}.Debug|x86.ActiveCfg = Debug|Any CPU
		{FDAC2BA4-397E-43F6-8A5D-497345F44890}.Debug|x86.Build.0 = Debug|Any CPU
		{FDAC2BA4-397E-43F6-8A5D-497345F44890}.Release|Any CPU.ActiveCfg = Release|Any CPU
		{FDAC2BA4-397E-43F6-8A5D-497345F44890}.Release|Any CPU.Build.0 = Release|Any CPU
		{FDAC2BA4-397E-43F6-8A5D-497345F44890}.Release|x64.ActiveCfg = Release|Any CPU
		{FDAC2BA4-397E-43F6-8A5D-497345F44890}.Release|x64.Build.0 = Release|Any CPU
		{FDAC2BA4-397E-43F6-8A5D-497345F44890}.Release|x86.ActiveCfg = Release|Any CPU
		{FDAC2BA4-397E-43F6-8A5D-497345F44890}.Release|x86.Build.0 = Release|Any CPU
		{2EE6149E-834D-430B-8705-08E8EC4A4ECD}.Debug|Any CPU.ActiveCfg = Debug|Any CPU
		{2EE6149E-834D-430B-8705-08E8EC4A4ECD}.Debug|Any CPU.Build.0 = Debug|Any CPU
		{2EE6149E-834D-430B-8705-08E8EC4A4ECD}.Debug|x64.ActiveCfg = Debug|Any CPU
		{2EE6149E-834D-430B-8705-08E8EC4A4ECD}.Debug|x64.Build.0 = Debug|Any CPU
		{2EE6149E-834D-430B-8705-08E8EC4A4ECD}.Debug|x86.ActiveCfg = Debug|Any CPU
		{2EE6149E-834D-430B-8705-08E8EC4A4ECD}.Debug|x86.Build.0 = Debug|Any CPU
		{2EE6149E-834D-430B-8705-08E8EC4A4ECD}.Release|Any CPU.ActiveCfg = Release|Any CPU
		{2EE6149E-834D-430B-8705-08E8EC4A4ECD}.Release|Any CPU.Build.0 = Release|Any CPU
		{2EE6149E-834D-430B-8705-08E8EC4A4ECD}.Release|x64.ActiveCfg = Release|Any CPU
		{2EE6149E-834D-430B-8705-08E8EC4A4ECD}.Release|x64.Build.0 = Release|Any CPU
		{2EE6149E-834D-430B-8705-08E8EC4A4ECD}.Release|x86.ActiveCfg = Release|Any CPU
		{2EE6149E-834D-430B-8705-08E8EC4A4ECD}.Release|x86.Build.0 = Release|Any CPU
		{0783D4D4-FE2F-442A-A5A3-FA26A7072C32}.Debug|Any CPU.ActiveCfg = Debug|Any CPU
		{0783D4D4-FE2F-442A-A5A3-FA26A7072C32}.Debug|Any CPU.Build.0 = Debug|Any CPU
		{0783D4D4-FE2F-442A-A5A3-FA26A7072C32}.Debug|x64.ActiveCfg = Debug|Any CPU
		{0783D4D4-FE2F-442A-A5A3-FA26A7072C32}.Debug|x64.Build.0 = Debug|Any CPU
		{0783D4D4-FE2F-442A-A5A3-FA26A7072C32}.Debug|x86.ActiveCfg = Debug|Any CPU
		{0783D4D4-FE2F-442A-A5A3-FA26A7072C32}.Debug|x86.Build.0 = Debug|Any CPU
		{0783D4D4-FE2F-442A-A5A3-FA26A7072C32}.Release|Any CPU.ActiveCfg = Release|Any CPU
		{0783D4D4-FE2F-442A-A5A3-FA26A7072C32}.Release|Any CPU.Build.0 = Release|Any CPU
		{0783D4D4-FE2F-442A-A5A3-FA26A7072C32}.Release|x64.ActiveCfg = Release|Any CPU
		{0783D4D4-FE2F-442A-A5A3-FA26A7072C32}.Release|x64.Build.0 = Release|Any CPU
		{0783D4D4-FE2F-442A-A5A3-FA26A7072C32}.Release|x86.ActiveCfg = Release|Any CPU
		{0783D4D4-FE2F-442A-A5A3-FA26A7072C32}.Release|x86.Build.0 = Release|Any CPU
	EndGlobalSection
EndGlobal
